
Microsoft Visual Studio Solution File, Format Version 12.00
# Visual Studio Version 17
VisualStudioVersion = 17.0.31912.275
MinimumVisualStudioVersion = 10.0.40219.1
Project("{9A19103F-16F7-4668-BE54-9A1E7A4F7556}") = "MovieShopMVC", "MovieShopMVC\MovieShopMVC.csproj", "{74AF4115-9EAD-413D-8161-DF5AF48E6BB8}"
EndProject
Project("{9A19103F-16F7-4668-BE54-9A1E7A4F7556}") = "Infrastructure", "Infrastructure\Infrastructure.csproj", "{8F416B13-0907-444D-8E33-C2C3A48AD07F}"
EndProject
Project("{9A19103F-16F7-4668-BE54-9A1E7A4F7556}") = "ApplicationCore", "ApplicationCore\ApplicationCore.csproj", "{2A7025CB-A734-420F-A5D9-5A0621B3F9B3}"
EndProject
Project("{9A19103F-16F7-4668-BE54-9A1E7A4F7556}") = "MovieShop.UnitTests", "MovieShop.UnitTests\MovieShop.UnitTests.csproj", "{87199E54-6992-432D-9EAC-3F0745595CAE}"
EndProject
Project("{FAE04EC0-301F-11D3-BF4B-00C04F79EFBC}") = "MovieShop.API", "MovieShop.API\MovieShop.API.csproj", "{7BF59E30-4AA0-4B01-8353-5A5E58611D9A}"
EndProject
Global
	GlobalSection(SolutionConfigurationPlatforms) = preSolution
		Debug|Any CPU = Debug|Any CPU
		Release|Any CPU = Release|Any CPU
	EndGlobalSection
	GlobalSection(ProjectConfigurationPlatforms) = postSolution
		{74AF4115-9EAD-413D-8161-DF5AF48E6BB8}.Debug|Any CPU.ActiveCfg = Debug|Any CPU
		{74AF4115-9EAD-413D-8161-DF5AF48E6BB8}.Debug|Any CPU.Build.0 = Debug|Any CPU
		{74AF4115-9EAD-413D-8161-DF5AF48E6BB8}.Release|Any CPU.ActiveCfg = Release|Any CPU
		{74AF4115-9EAD-413D-8161-DF5AF48E6BB8}.Release|Any CPU.Build.0 = Release|Any CPU
		{8F416B13-0907-444D-8E33-C2C3A48AD07F}.Debug|Any CPU.ActiveCfg = Debug|Any CPU
		{8F416B13-0907-444D-8E33-C2C3A48AD07F}.Debug|Any CPU.Build.0 = Debug|Any CPU
		{8F416B13-0907-444D-8E33-C2C3A48AD07F}.Release|Any CPU.ActiveCfg = Release|Any CPU
		{8F416B13-0907-444D-8E33-C2C3A48AD07F}.Release|Any CPU.Build.0 = Release|Any CPU
		{2A7025CB-A734-420F-A5D9-5A0621B3F9B3}.Debug|Any CPU.ActiveCfg = Debug|Any CPU
		{2A7025CB-A734-420F-A5D9-5A0621B3F9B3}.Debug|Any CPU.Build.0 = Debug|Any CPU
		{2A7025CB-A734-420F-A5D9-5A0621B3F9B3}.Release|Any CPU.ActiveCfg = Release|Any CPU
		{2A7025CB-A734-420F-A5D9-5A0621B3F9B3}.Release|Any CPU.Build.0 = Release|Any CPU
		{87199E54-6992-432D-9EAC-3F0745595CAE}.Debug|Any CPU.ActiveCfg = Debug|Any CPU
		{87199E54-6992-432D-9EAC-3F0745595CAE}.Debug|Any CPU.Build.0 = Debug|Any CPU
		{87199E54-6992-432D-9EAC-3F0745595CAE}.Release|Any CPU.ActiveCfg = Release|Any CPU
		{87199E54-6992-432D-9EAC-3F0745595CAE}.Release|Any CPU.Build.0 = Release|Any CPU
		{7BF59E30-4AA0-4B01-8353-5A5E58611D9A}.Debug|Any CPU.ActiveCfg = Debug|Any CPU
		{7BF59E30-4AA0-4B01-8353-5A5E58611D9A}.Debug|Any CPU.Build.0 = Debug|Any CPU
		{7BF59E30-4AA0-4B01-8353-5A5E58611D9A}.Release|Any CPU.ActiveCfg = Release|Any CPU
		{7BF59E30-4AA0-4B01-8353-5A5E58611D9A}.Release|Any CPU.Build.0 = Release|Any CPU
	EndGlobalSection
	GlobalSection(SolutionProperties) = preSolution
		HideSolutionNode = FALSE
	EndGlobalSection
	GlobalSection(ExtensibilityGlobals) = postSolution
		SolutionGuid = {6673307C-356C-401D-A846-7343ABAA08AB}
	EndGlobalSection
EndGlobal
